
Microsoft Visual Studio Solution File, Format Version 12.00
# Visual Studio Version 17
VisualStudioVersion = 17.14.36127.28 d17.14
MinimumVisualStudioVersion = 10.0.40219.1
Project("{FAE04EC0-301F-11D3-BF4B-00C04F79EFBC}") = "Projekt", "Projekt\Projekt.csproj", "{D5A39762-1294-4A06-99A4-5A88B222C918}"
EndProject
Global
	GlobalSection(SolutionConfigurationPlatforms) = preSolution
		Debug|Any CPU = Debug|Any CPU
		Release|Any CPU = Release|Any CPU
	EndGlobalSection
	GlobalSection(ProjectConfigurationPlatforms) = postSolution
		{D5A39762-1294-4A06-99A4-5A88B222C918}.Debug|Any CPU.ActiveCfg = Debug|Any CPU
		{D5A39762-1294-4A06-99A4-5A88B222C918}.Debug|Any CPU.Build.0 = Debug|Any CPU
		{D5A39762-1294-4A06-99A4-5A88B222C918}.Release|Any CPU.ActiveCfg = Release|Any CPU
		{D5A39762-1294-4A06-99A4-5A88B222C918}.Release|Any CPU.Build.0 = Release|Any CPU
	EndGlobalSection
	GlobalSection(SolutionProperties) = preSolution
		HideSolutionNode = FALSE
	EndGlobalSection
	GlobalSection(ExtensibilityGlobals) = postSolution
		SolutionGuid = {D588476F-C840-44D1-8599-1306602E498E}
	EndGlobalSection
EndGlobal
